<?xml version="1.0" encoding="utf-8"?>
<Project ToolsVersion="4.0" xmlns="http://schemas.microsoft.com/developer/msbuild/2003">
  <ItemGroup>
    <ClCompile Include="Application.cpp">
      <Filter>Basic</Filter>
    </ClCompile>
    <ClCompile Include="Globals.cpp">
      <Filter>Basic</Filter>
    </ClCompile>
    <ClCompile Include="Main.cpp">
      <Filter>Basic</Filter>
    </ClCompile>
    <ClCompile Include="ModuleAudio.cpp">
      <Filter>Modules\Core</Filter>
    </ClCompile>
    <ClCompile Include="ModuleCollision.cpp">
      <Filter>Modules\Core</Filter>
    </ClCompile>
    <ClCompile Include="ModuleDrawParticles.cpp">
      <Filter>Modules\Core</Filter>
    </ClCompile>
    <ClCompile Include="ModuleEnemies.cpp">
      <Filter>Modules\Core</Filter>
    </ClCompile>
    <ClCompile Include="ModuleFadeToBlack.cpp">
      <Filter>Modules\Core</Filter>
    </ClCompile>
    <ClCompile Include="ModuleInput.cpp">
      <Filter>Modules\Core</Filter>
    </ClCompile>
    <ClCompile Include="ModuleParticles.cpp">
      <Filter>Modules\Core</Filter>
    </ClCompile>
    <ClCompile Include="ModuleRender.cpp">
      <Filter>Modules\Core</Filter>
    </ClCompile>
    <ClCompile Include="ModuleTextures.cpp">
      <Filter>Modules\Core</Filter>
    </ClCompile>
    <ClCompile Include="ModuleWindow.cpp">
      <Filter>Modules\Core</Filter>
    </ClCompile>
    <ClCompile Include="Enemy.cpp">
      <Filter>Modules\Enemies</Filter>
    </ClCompile>
    <ClCompile Include="EnemyBigTurret.cpp">
      <Filter>Modules\Enemies</Filter>
    </ClCompile>
    <ClCompile Include="EnemyBlueBasic.cpp">
      <Filter>Modules\Enemies</Filter>
    </ClCompile>
    <ClCompile Include="EnemyBoss.cpp">
      <Filter>Modules\Enemies</Filter>
    </ClCompile>
    <ClCompile Include="EnemyGreenBasic.cpp">
      <Filter>Modules\Enemies</Filter>
    </ClCompile>
    <ClCompile Include="EnemyNotSoBasic.cpp">
      <Filter>Modules\Enemies</Filter>
    </ClCompile>
    <ClCompile Include="EnemyRoomba.cpp">
      <Filter>Modules\Enemies</Filter>
    </ClCompile>
    <ClCompile Include="EnemySmallTurret.cpp">
      <Filter>Modules\Enemies</Filter>
    </ClCompile>
    <ClCompile Include="EnemyStrangeLarge.cpp">
      <Filter>Modules\Enemies</Filter>
    </ClCompile>
    <ClCompile Include="EnemyTrain.cpp">
      <Filter>Modules\Enemies</Filter>
    </ClCompile>
    <ClCompile Include="ModulePlayer.cpp">
      <Filter>Modules\Player</Filter>
    </ClCompile>
    <ClCompile Include="ModuleBomb.cpp">
      <Filter>Modules\Scenes</Filter>
    </ClCompile>
    <ClCompile Include="ModuleContinue.cpp">
      <Filter>Modules\Scenes</Filter>
    </ClCompile>
    <ClCompile Include="ModuleLevelsTop.cpp">
      <Filter>Modules\Scenes</Filter>
    </ClCompile>
    <ClCompile Include="ModuleLoseScreen.cpp">
      <Filter>Modules\Scenes</Filter>
    </ClCompile>
    <ClCompile Include="ModuleNameScreen.cpp">
      <Filter>Modules\Scenes</Filter>
    </ClCompile>
    <ClCompile Include="ModuleSceneLevels.cpp">
      <Filter>Modules\Scenes</Filter>
    </ClCompile>
    <ClCompile Include="ModuleSceneTitle.cpp">
      <Filter>Modules\Scenes</Filter>
    </ClCompile>
    <ClCompile Include="ModuleScoreScreen.cpp">
      <Filter>Modules\Scenes</Filter>
    </ClCompile>
    <ClCompile Include="ModuleWinScreen.cpp">
      <Filter>Modules\Scenes</Filter>
    </ClCompile>
    <ClCompile Include="ModuleUI.cpp">
      <Filter>Modules\UI</Filter>
    </ClCompile>
    <ClCompile Include="EnemyMissileThrower.cpp">
      <Filter>Modules\Enemies</Filter>
    </ClCompile>
  </ItemGroup>
  <ItemGroup>
    <ClInclude Include="Application.h">
      <Filter>Basic</Filter>
    </ClInclude>
    <ClInclude Include="Globals.h">
      <Filter>Basic</Filter>
    </ClInclude>
    <ClInclude Include="MemLeaks.h">
      <Filter>Basic</Filter>
    </ClInclude>
    <ClInclude Include="Animation.h">
      <Filter>Containers</Filter>
    </ClInclude>
    <ClInclude Include="dynArray.h">
      <Filter>Containers</Filter>
    </ClInclude>
    <ClInclude Include="p2Point.h">
      <Filter>Containers</Filter>
    </ClInclude>
    <ClInclude Include="Path.h">
      <Filter>Containers</Filter>
    </ClInclude>
    <ClInclude Include="Module.h">
      <Filter>Modules\Core</Filter>
    </ClInclude>
    <ClInclude Include="ModuleAudio.h">
      <Filter>Modules\Core</Filter>
    </ClInclude>
    <ClInclude Include="ModuleCollision.h">
      <Filter>Modules\Core</Filter>
    </ClInclude>
    <ClInclude Include="ModuleDrawParticles.h">
      <Filter>Modules\Core</Filter>
    </ClInclude>
    <ClInclude Include="ModuleEnemies.h">
      <Filter>Modules\Core</Filter>
    </ClInclude>
    <ClInclude Include="ModuleFadeToBlack.h">
      <Filter>Modules\Core</Filter>
    </ClInclude>
    <ClInclude Include="ModuleInput.h">
      <Filter>Modules\Core</Filter>
    </ClInclude>
    <ClInclude Include="ModuleParticles.h">
      <Filter>Modules\Core</Filter>
    </ClInclude>
    <ClInclude Include="ModuleRender.h">
      <Filter>Modules\Core</Filter>
    </ClInclude>
    <ClInclude Include="ModuleTextures.h">
      <Filter>Modules\Core</Filter>
    </ClInclude>
    <ClInclude Include="ModuleWindow.h">
      <Filter>Modules\Core</Filter>
    </ClInclude>
    <ClInclude Include="Enemy.h">
      <Filter>Modules\Enemies</Filter>
    </ClInclude>
    <ClInclude Include="EnemyBigTurret.h">
      <Filter>Modules\Enemies</Filter>
    </ClInclude>
    <ClInclude Include="EnemyBlueBasic.h">
      <Filter>Modules\Enemies</Filter>
    </ClInclude>
    <ClInclude Include="EnemyBoss.h">
      <Filter>Modules\Enemies</Filter>
    </ClInclude>
    <ClInclude Include="EnemyGreenBasic.h">
      <Filter>Modules\Enemies</Filter>
    </ClInclude>
    <ClInclude Include="EnemyNotSoBasic.h">
      <Filter>Modules\Enemies</Filter>
    </ClInclude>
    <ClInclude Include="EnemyRoomba.h">
      <Filter>Modules\Enemies</Filter>
    </ClInclude>
    <ClInclude Include="EnemySmallTurret.h">
      <Filter>Modules\Enemies</Filter>
    </ClInclude>
    <ClInclude Include="EnemyStrangeLarge.h">
      <Filter>Modules\Enemies</Filter>
    </ClInclude>
    <ClInclude Include="EnemyTrain.h">
      <Filter>Modules\Enemies</Filter>
    </ClInclude>
    <ClInclude Include="ModulePlayer.h">
      <Filter>Modules\Player</Filter>
    </ClInclude>
    <ClInclude Include="ModuleBomb.h">
      <Filter>Modules\Scenes</Filter>
    </ClInclude>
    <ClInclude Include="ModuleContinue.h">
      <Filter>Modules\Scenes</Filter>
    </ClInclude>
    <ClInclude Include="ModuleLevelsTop.h">
      <Filter>Modules\Scenes</Filter>
    </ClInclude>
    <ClInclude Include="ModuleLoseScreen.h">
      <Filter>Modules\Scenes</Filter>
    </ClInclude>
    <ClInclude Include="ModuleNameScreen.h">
      <Filter>Modules\Scenes</Filter>
    </ClInclude>
    <ClInclude Include="ModuleSceneLevels.h">
      <Filter>Modules\Scenes</Filter>
    </ClInclude>
    <ClInclude Include="ModuleSceneTitle.h">
      <Filter>Modules\Scenes</Filter>
    </ClInclude>
    <ClInclude Include="ModuleScoreScreen.h">
      <Filter>Modules\Scenes</Filter>
    </ClInclude>
    <ClInclude Include="ModuleWinScreen.h">
      <Filter>Modules\Scenes</Filter>
    </ClInclude>
    <ClInclude Include="ModuleUI.h">
      <Filter>Modules\UI</Filter>
    </ClInclude>
    <ClInclude Include="EnergyBox.h">
      <Filter>Modules\Enemies</Filter>
    </ClInclude>
    <ClInclude Include="EnergyPill.h">
      <Filter>Modules\Enemies</Filter>
    </ClInclude>
    <ClInclude Include="ChangeBox.h">
      <Filter>Modules\Enemies</Filter>
    </ClInclude>
    <ClInclude Include="ChangePill.h">
      <Filter>Modules\Enemies</Filter>
    </ClInclude>
    <ClInclude Include="EnemyMissileThrower.h">
      <Filter>Modules\Enemies</Filter>
    </ClInclude>
  </ItemGroup>
  <ItemGroup>
    <Filter Include="Basic">
      <UniqueIdentifier>{5f35acd5-8c3a-441c-84f8-6615354b0913}</UniqueIdentifier>
    </Filter>
    <Filter Include="Containers">
      <UniqueIdentifier>{d0aafa92-84b1-4223-a100-669672bd3183}</UniqueIdentifier>
    </Filter>
    <Filter Include="Modules">
      <UniqueIdentifier>{5e4ea6d1-efb5-46ab-a62e-b17b6e893602}</UniqueIdentifier>
    </Filter>
    <Filter Include="Modules\Core">
      <UniqueIdentifier>{31ab3cdb-8828-467d-b8a8-116b7215f447}</UniqueIdentifier>
    </Filter>
    <Filter Include="Modules\Enemies">
      <UniqueIdentifier>{1ae6cf46-b94d-4436-847e-4f22490880c8}</UniqueIdentifier>
    </Filter>
    <Filter Include="Modules\Player">
      <UniqueIdentifier>{20b33e08-79f8-4b29-be86-d75551cbfb37}</UniqueIdentifier>
    </Filter>
    <Filter Include="Modules\Scenes">
      <UniqueIdentifier>{b0a3e1b0-0d3b-4c56-a015-5beba9477cd3}</UniqueIdentifier>
    </Filter>
    <Filter Include="Modules\UI">
      <UniqueIdentifier>{1915d182-0da2-4c2c-950a-9529ab7bfade}</UniqueIdentifier>
    </Filter>
  </ItemGroup>
</Project>