<?xml version="1.0" encoding="utf-8"?>
<Project ToolsVersion="4.0" xmlns="http://schemas.microsoft.com/developer/msbuild/2003">
  <ItemGroup>
    <ClCompile Include="Application.cpp">
      <Filter>Basic</Filter>
    </ClCompile>
    <ClCompile Include="Globals.cpp">
      <Filter>Basic</Filter>
    </ClCompile>
    <ClCompile Include="Main.cpp">
      <Filter>Basic</Filter>
    </ClCompile>
    <ClCompile Include="ModuleAudio.cpp">
      <Filter>Modules\Core</Filter>
    </ClCompile>
    <ClCompile Include="ModuleCollision.cpp">
      <Filter>Modules\Core</Filter>
    </ClCompile>
    <ClCompile Include="ModuleDrawParticles.cpp">
      <Filter>Modules\Core</Filter>
    </ClCompile>
    <ClCompile Include="ModuleEnemies.cpp">
      <Filter>Modules\Core</Filter>
    </ClCompile>
    <ClCompile Include="ModuleFadeToBlack.cpp">
      <Filter>Modules\Core</Filter>
    </ClCompile>
    <ClCompile Include="ModuleInput.cpp">
      <Filter>Modules\Core</Filter>
    </ClCompile>
    <ClCompile Include="ModuleParticles.cpp">
      <Filter>Modules\Core</Filter>
    </ClCompile>
    <ClCompile Include="ModuleRender.cpp">
      <Filter>Modules\Core</Filter>
    </ClCompile>
    <ClCompile Include="ModuleTextures.cpp">
      <Filter>Modules\Core</Filter>
    </ClCompile>
    <ClCompile Include="ModuleWindow.cpp">
      <Filter>Modules\Core</Filter>
    </ClCompile>
    <ClCompile Include="Enemy.cpp">
      <Filter>Modules\Enemies</Filter>
    </ClCompile>
    <ClCompile Include="EnemyBigTurret.cpp">
      <Filter>Modules\Enemies</Filter>
    </ClCompile>
    <ClCompile Include="EnemyBlueBasic.cpp">
      <Filter>Modules\Enemies</Filter>
    </ClCompile>
    <ClCompile Include="EnemyBoss.cpp">
      <Filter>Modules\Enemies</Filter>
    </ClCompile>
    <ClCompile Include="EnemyFatRobotTrain.cpp">
      <Filter>Modules\Enemies</Filter>
    </ClCompile>
    <ClCompile Include="EnemyGreenBasic.cpp">
      <Filter>Modules\Enemies</Filter>
    </ClCompile>
    <ClCompile Include="EnemyMissileThrower.cpp">
      <Filter>Modules\Enemies</Filter>
    </ClCompile>
    <ClCompile Include="EnemyNotSoBasic.cpp">
      <Filter>Modules\Enemies</Filter>
    </ClCompile>
    <ClCompile Include="EnemyRoomba.cpp">
      <Filter>Modules\Enemies</Filter>
    </ClCompile>
    <ClCompile Include="EnemySmallTurret.cpp">
      <Filter>Modules\Enemies</Filter>
    </ClCompile>
    <ClCompile Include="EnemyStrangeLarge.cpp">
      <Filter>Modules\Enemies</Filter>
    </ClCompile>
    <ClCompile Include="EnemyTrain.cpp">
      <Filter>Modules\Enemies</Filter>
    </ClCompile>
    <ClCompile Include="ModulePlayer.cpp">
      <Filter>Modules\Player</Filter>
    </ClCompile>
    <ClCompile Include="ModuleBomb.cpp">
      <Filter>Modules\Scenes</Filter>
    </ClCompile>
    <ClCompile Include="ModuleContinue.cpp">
      <Filter>Modules\Scenes</Filter>
    </ClCompile>
    <ClCompile Include="ModuleLevelsTop.cpp">
      <Filter>Modules\Scenes</Filter>
    </ClCompile>
    <ClCompile Include="ModuleLoseScreen.cpp">
      <Filter>Modules\Scenes</Filter>
    </ClCompile>
    <ClCompile Include="ModuleNameScreen.cpp">
      <Filter>Modules\Scenes</Filter>
    </ClCompile>
    <ClCompile Include="ModuleSceneLevels.cpp">
      <Filter>Modules\Scenes</Filter>
    </ClCompile>
    <ClCompile Include="ModuleSceneTitle.cpp">
      <Filter>Modules\Scenes</Filter>
    </ClCompile>
    <ClCompile Include="ModuleScoreScreen.cpp">
      <Filter>Modules\Scenes</Filter>
    </ClCompile>
    <ClCompile Include="ModuleWinScreen.cpp">
      <Filter>Modules\Scenes</Filter>
    </ClCompile>
    <ClCompile Include="ModuleUI.cpp">
      <Filter>Modules\UI</Filter>
    </ClCompile>
    <ClCompile Include="ModuleDrawEnemies.cpp">
      <Filter>Modules\Core</Filter>
    </ClCompile>
    <ClCompile Include="EnemyNotSoBasicCommander.cpp">
      <Filter>Modules\Enemies</Filter>
    </ClCompile>
    <ClCompile Include="EnemyRoundedTurret.cpp">
      <Filter>Modules\Enemies</Filter>
    </ClCompile>
    <ClCompile Include="EnemyNotSoBasicGreen.cpp">
      <Filter>Modules\Enemies</Filter>
    </ClCompile>
  </ItemGroup>
  <ItemGroup>
    <ClInclude Include="Application.h">
      <Filter>Basic</Filter>
    </ClInclude>
    <ClInclude Include="Globals.h">
      <Filter>Basic</Filter>
    </ClInclude>
    <ClInclude Include="MemLeaks.h">
      <Filter>Basic</Filter>
    </ClInclude>
    <ClInclude Include="Animation.h">
      <Filter>Containers</Filter>
    </ClInclude>
    <ClInclude Include="dynArray.h">
      <Filter>Containers</Filter>
    </ClInclude>
    <ClInclude Include="p2Point.h">
      <Filter>Containers</Filter>
    </ClInclude>
    <ClInclude Include="Path.h">
      <Filter>Containers</Filter>
    </ClInclude>
    <ClInclude Include="Module.h">
      <Filter>Modules\Core</Filter>
    </ClInclude>
    <ClInclude Include="ModuleAudio.h">
      <Filter>Modules\Core</Filter>
    </ClInclude>
    <ClInclude Include="ModuleCollision.h">
      <Filter>Modules\Core</Filter>
    </ClInclude>
    <ClInclude Include="ModuleDrawParticles.h">
      <Filter>Modules\Core</Filter>
    </ClInclude>
    <ClInclude Include="ModuleEnemies.h">
      <Filter>Modules\Core</Filter>
    </ClInclude>
    <ClInclude Include="ModuleFadeToBlack.h">
      <Filter>Modules\Core</Filter>
    </ClInclude>
    <ClInclude Include="ModuleInput.h">
      <Filter>Modules\Core</Filter>
    </ClInclude>
    <ClInclude Include="ModuleParticles.h">
      <Filter>Modules\Core</Filter>
    </ClInclude>
    <ClInclude Include="ModuleRender.h">
      <Filter>Modules\Core</Filter>
    </ClInclude>
    <ClInclude Include="ModuleTextures.h">
      <Filter>Modules\Core</Filter>
    </ClInclude>
    <ClInclude Include="ModuleWindow.h">
      <Filter>Modules\Core</Filter>
    </ClInclude>
    <ClInclude Include="Enemy.h">
      <Filter>Modules\Enemies</Filter>
    </ClInclude>
    <ClInclude Include="EnemyBigTurret.h">
      <Filter>Modules\Enemies</Filter>
    </ClInclude>
    <ClInclude Include="EnemyBlueBasic.h">
      <Filter>Modules\Enemies</Filter>
    </ClInclude>
    <ClInclude Include="EnemyBoss.h">
      <Filter>Modules\Enemies</Filter>
    </ClInclude>
    <ClInclude Include="EnemyFatRobotTrain.h">
      <Filter>Modules\Enemies</Filter>
    </ClInclude>
    <ClInclude Include="EnemyGreenBasic.h">
      <Filter>Modules\Enemies</Filter>
    </ClInclude>
    <ClInclude Include="EnemyMissileThrower.h">
      <Filter>Modules\Enemies</Filter>
    </ClInclude>
    <ClInclude Include="EnemyNotSoBasic.h">
      <Filter>Modules\Enemies</Filter>
    </ClInclude>
    <ClInclude Include="EnemyRoomba.h">
      <Filter>Modules\Enemies</Filter>
    </ClInclude>
    <ClInclude Include="EnemySmallTurret.h">
      <Filter>Modules\Enemies</Filter>
    </ClInclude>
    <ClInclude Include="EnemyStrangeLarge.h">
      <Filter>Modules\Enemies</Filter>
    </ClInclude>
    <ClInclude Include="EnemyTrain.h">
      <Filter>Modules\Enemies</Filter>
    </ClInclude>
    <ClInclude Include="EnergyBox.h">
      <Filter>Modules\Enemies</Filter>
    </ClInclude>
    <ClInclude Include="EnergyPill.h">
      <Filter>Modules\Enemies</Filter>
    </ClInclude>
    <ClInclude Include="ModulePlayer.h">
      <Filter>Modules\Player</Filter>
    </ClInclude>
    <ClInclude Include="ModuleBomb.h">
      <Filter>Modules\Scenes</Filter>
    </ClInclude>
    <ClInclude Include="ModuleContinue.h">
      <Filter>Modules\Scenes</Filter>
    </ClInclude>
    <ClInclude Include="ModuleLevelsTop.h">
      <Filter>Modules\Scenes</Filter>
    </ClInclude>
    <ClInclude Include="ModuleLoseScreen.h">
      <Filter>Modules\Scenes</Filter>
    </ClInclude>
    <ClInclude Include="ModuleNameScreen.h">
      <Filter>Modules\Scenes</Filter>
    </ClInclude>
    <ClInclude Include="ModuleSceneLevels.h">
      <Filter>Modules\Scenes</Filter>
    </ClInclude>
    <ClInclude Include="ModuleSceneTitle.h">
      <Filter>Modules\Scenes</Filter>
    </ClInclude>
    <ClInclude Include="ModuleScoreScreen.h">
      <Filter>Modules\Scenes</Filter>
    </ClInclude>
    <ClInclude Include="ModuleWinScreen.h">
      <Filter>Modules\Scenes</Filter>
    </ClInclude>
    <ClInclude Include="ModuleUI.h">
      <Filter>Modules\UI</Filter>
    </ClInclude>
    <ClInclude Include="ChangePill.h">
      <Filter>Modules\Enemies</Filter>
    </ClInclude>
    <ClInclude Include="ChangeBox.h">
      <Filter>Modules\Enemies</Filter>
    </ClInclude>
    <ClInclude Include="ModuleDrawEnemies.h">
      <Filter>Modules\Core</Filter>
    </ClInclude>
    <ClInclude Include="PowerUP.h">
      <Filter>Modules\Enemies</Filter>
    </ClInclude>
    <ClInclude Include="Speed.h">
      <Filter>Modules\Enemies</Filter>
    </ClInclude>
    <ClInclude Include="Shield.h">
      <Filter>Modules\Enemies</Filter>
    </ClInclude>
    <ClInclude Include="Extra_Bomb.h">
      <Filter>Modules\Enemies</Filter>
    </ClInclude>
    <ClInclude Include="EnemyNotSoBasicCommander.h">
      <Filter>Modules\Enemies</Filter>
    </ClInclude>
    <ClInclude Include="EnemyRoundedTurret.h">
      <Filter>Modules\Enemies</Filter>
    </ClInclude>
    <ClInclude Include="EnemyNotSoBasicGreen.h">
      <Filter>Modules\Enemies</Filter>
    </ClInclude>
    <ClInclude Include="Door.h">
      <Filter>Modules\Enemies</Filter>
    </ClInclude>
  </ItemGroup>
  <ItemGroup>
    <Filter Include="Basic">
      <UniqueIdentifier>{f782661e-945c-4dc6-953f-6dd914489985}</UniqueIdentifier>
    </Filter>
    <Filter Include="Containers">
      <UniqueIdentifier>{3e00fcc3-32b4-4c5f-843e-60cbad064005}</UniqueIdentifier>
    </Filter>
    <Filter Include="Modules">
      <UniqueIdentifier>{83561641-abfd-4471-bd14-74168c21dac6}</UniqueIdentifier>
    </Filter>
    <Filter Include="Modules\Core">
      <UniqueIdentifier>{c3f974fc-7828-4839-a82c-12a26bd590e0}</UniqueIdentifier>
    </Filter>
    <Filter Include="Modules\Enemies">
      <UniqueIdentifier>{fd87d350-c70d-4990-afd1-1083b2b3bb29}</UniqueIdentifier>
    </Filter>
    <Filter Include="Modules\Player">
      <UniqueIdentifier>{7edc228a-fb7f-4776-8ecc-bb7f5e1651cc}</UniqueIdentifier>
    </Filter>
    <Filter Include="Modules\Scenes">
      <UniqueIdentifier>{0070a730-fe74-4f57-8578-ae710da7181f}</UniqueIdentifier>
    </Filter>
    <Filter Include="Modules\UI">
      <UniqueIdentifier>{9648a23c-1ab0-4f29-8a6d-ce69d6d3f554}</UniqueIdentifier>
    </Filter>
  </ItemGroup>
</Project>